// !$*UTF8*$!
{
	archiveVersion = 1;
	classes = {
	};
	objectVersion = 56;
	objects = {

/* Begin PBXBuildFile section */
		735A4EAC480DBDBE3DA682B5 /* WeatherModel.swift in Sources */ = {isa = PBXBuildFile; fileRef = 0CEA31C35EE131516E603A9B /* WeatherModel.swift */; };
		B678010E3A6816B04285E2F0 /* WeatherService.swift in Sources */ = {isa = PBXBuildFile; fileRef = C87DFC1A3CCEA8D39117B13D /* WeatherService.swift */; };
		09C7902D37D412B380029689 /* WeatherView.swift in Sources */ = {isa = PBXBuildFile; fileRef = 6B3E04200C8C34BC6D3380F4 /* WeatherView.swift */; };
		736A78B40B462D44F766CFA4 /* ContentView.swift in Sources */ = {isa = PBXBuildFile; fileRef = D805D7DD8026822C71EF7B58 /* ContentView.swift */; };
		12F4D280663729E76CEA82D4 /* WeatherApp.swift in Sources */ = {isa = PBXBuildFile; fileRef = D9E80F61D25C9D79B7871282 /* WeatherApp.swift */; };
		0ABD0D65C741AFE4F5513AF6 /* Assets.xcassets in Resources */ = {isa = PBXBuildFile; fileRef = F1A24C397CEA4CDE933EA8AB /* Assets.xcassets */; };
		F596B38A4DB855E4720678E1 /* StudyGuide.html in Resources */ = {isa = PBXBuildFile; fileRef = 39CF3B43D9A20A81B3B97F0C /* StudyGuide.html */; };
/* End PBXBuildFile section */

/* Begin PBXFileReference section */
		76BCA99DDBBA0E9858946BA5 /* WeatherApp.app */ = {isa = PBXFileReference; explicitFileType = wrapper.application; includeInIndex = 0; path = WeatherApp.app; sourceTree = BUILT_PRODUCTS_DIR; };
		0CEA31C35EE131516E603A9B /* WeatherModel.swift */ = {isa = PBXFileReference; lastKnownFileType = sourcecode.swift; path = WeatherModel.swift; sourceTree = "<group>"; };
		1F181B2ACAAA6F91EC9A540E /* WeatherModel.swift */ = {isa = PBXFileReference; lastKnownFileType = sourcecode.swift; path = WeatherModel.swift; sourceTree = "<group>"; };
		C87DFC1A3CCEA8D39117B13D /* WeatherService.swift */ = {isa = PBXFileReference; lastKnownFileType = sourcecode.swift; path = WeatherService.swift; sourceTree = "<group>"; };
		D1E38866F1E916903D9AC806 /* WeatherService.swift */ = {isa = PBXFileReference; lastKnownFileType = sourcecode.swift; path = WeatherService.swift; sourceTree = "<group>"; };
		6B3E04200C8C34BC6D3380F4 /* WeatherView.swift */ = {isa = PBXFileReference; lastKnownFileType = sourcecode.swift; path = WeatherView.swift; sourceTree = "<group>"; };
		A92D3CACC74E7DF4E7075DAA /* WeatherView.swift */ = {isa = PBXFileReference; lastKnownFileType = sourcecode.swift; path = WeatherView.swift; sourceTree = "<group>"; };
		D805D7DD8026822C71EF7B58 /* ContentView.swift */ = {isa = PBXFileReference; lastKnownFileType = sourcecode.swift; path = ContentView.swift; sourceTree = "<group>"; };
		E9658E4A7E5C3815208A0DBE /* ContentView.swift */ = {isa = PBXFileReference; lastKnownFileType = sourcecode.swift; path = ContentView.swift; sourceTree = "<group>"; };
		D9E80F61D25C9D79B7871282 /* WeatherApp.swift */ = {isa = PBXFileReference; lastKnownFileType = sourcecode.swift; path = WeatherApp.swift; sourceTree = "<group>"; };
		7850D1F333FBFFF3119CAC9D /* WeatherApp.swift */ = {isa = PBXFileReference; lastKnownFileType = sourcecode.swift; path = WeatherApp.swift; sourceTree = "<group>"; };
		F1A24C397CEA4CDE933EA8AB /* Assets.xcassets */ = {isa = PBXFileReference; lastKnownFileType = folder.assetcatalog; path = Assets.xcassets; sourceTree = "<group>"; };
		39CF3B43D9A20A81B3B97F0C /* StudyGuide.html */ = {isa = PBXFileReference; lastKnownFileType = text.html; path = StudyGuide.html; sourceTree = "<group>"; };
/* End PBXFileReference section */

/* Begin PBXFrameworksBuildPhase section */
		46EA2344E9ECA4F3C97D87DD /* Frameworks */ = {
			isa = PBXFrameworksBuildPhase;
			buildActionMask = 2147483647;
			files = (
			);
			runOnlyForDeploymentPostprocessing = 0;
		};
/* End PBXFrameworksBuildPhase section */

/* Begin PBXGroup section */
		C2C2AB01083246451263BDF6 = {
			isa = PBXGroup;
			children = (
				DC4E1BDA1DFB1C6C71059B3C /* final */,
				F4ABAA6679812B362A0CD4E3 /* start */,
				39CF3B43D9A20A81B3B97F0C /* StudyGuide.html */,
				D5E47FD4E277ADFBA21EAB0B /* Products */,
			);
			sourceTree = "<group>";
		};
		DC4E1BDA1DFB1C6C71059B3C /* final */ = {
			isa = PBXGroup;
			children = (
				0CEA31C35EE131516E603A9B /* WeatherModel.swift */,
				C87DFC1A3CCEA8D39117B13D /* WeatherService.swift */,
				6B3E04200C8C34BC6D3380F4 /* WeatherView.swift */,
				D805D7DD8026822C71EF7B58 /* ContentView.swift */,
				D9E80F61D25C9D79B7871282 /* WeatherApp.swift */,
				F1A24C397CEA4CDE933EA8AB /* Assets.xcassets */,
			);
			path = final;
			sourceTree = "<group>";
		};
		F4ABAA6679812B362A0CD4E3 /* start */ = {
			isa = PBXGroup;
			children = (
				1F181B2ACAAA6F91EC9A540E /* WeatherModel.swift */,
				D1E38866F1E916903D9AC806 /* WeatherService.swift */,
				A92D3CACC74E7DF4E7075DAA /* WeatherView.swift */,
				E9658E4A7E5C3815208A0DBE /* ContentView.swift */,
				7850D1F333FBFFF3119CAC9D /* WeatherApp.swift */,
			);
			path = start;
			sourceTree = "<group>";
		};
		D5E47FD4E277ADFBA21EAB0B /* Products */ = {
			isa = PBXGroup;
			children = (
				76BCA99DDBBA0E9858946BA5 /* WeatherApp.app */,
			);
			name = Products;
			sourceTree = "<group>";
		};
/* End PBXGroup section */

/* Begin PBXNativeTarget section */
		47B41E1539AF82B1AC3CAFC9 /* WeatherApp */ = {
			isa = PBXNativeTarget;
			buildConfigurationList = DA3161A8B10DB58625F83746 /* Build configuration list for PBXNativeTarget "WeatherApp" */;
			buildPhases = (
				8311F2A6FD1C9FA6B4BB8B1F /* Sources */,
				46EA2344E9ECA4F3C97D87DD /* Frameworks */,
				7A60DDC89C7B62E73757FA82 /* Resources */,
			);
			buildRules = (
			);
			dependencies = (
			);
			name = WeatherApp;
			productName = WeatherApp;
			productReference = 76BCA99DDBBA0E9858946BA5 /* WeatherApp.app */;
			productType = "com.apple.product-type.application";
		};
/* End PBXNativeTarget section */

/* Begin PBXProject section */
		BE70DD5BC4C794F3E3BBF9DA /* Project object */ = {
			isa = PBXProject;
			attributes = {
				BuildIndependentTargetsInParallel = 1;
				LastSwiftUpdateCheck = 1500;
				LastUpgradeCheck = 1500;
				TargetAttributes = {
					47B41E1539AF82B1AC3CAFC9 = {
						CreatedOnToolsVersion = 15.0;
					};
				};
			};
			buildConfigurationList = 100B064AC58FB992C10486BF /* Build configuration list for PBXProject "WeatherApp" */;
			compatibilityVersion = "Xcode 14.0";
			developmentRegion = ko;
			hasScannedForEncodings = 0;
			knownRegions = (
				en,
				Base,
				ko,
			);
			mainGroup = C2C2AB01083246451263BDF6;
			productRefGroup = D5E47FD4E277ADFBA21EAB0B /* Products */;
			projectDirPath = "";
			projectRoot = "";
			targets = (
				47B41E1539AF82B1AC3CAFC9 /* WeatherApp */,
			);
		};
/* End PBXProject section */

/* Begin PBXResourcesBuildPhase section */
		7A60DDC89C7B62E73757FA82 /* Resources */ = {
			isa = PBXResourcesBuildPhase;
			buildActionMask = 2147483647;
			files = (
				0ABD0D65C741AFE4F5513AF6 /* Assets.xcassets in Resources */,
				F596B38A4DB855E4720678E1 /* StudyGuide.html in Resources */,
			);
			runOnlyForDeploymentPostprocessing = 0;
		};
/* End PBXResourcesBuildPhase section */

/* Begin PBXSourcesBuildPhase section */
		8311F2A6FD1C9FA6B4BB8B1F /* Sources */ = {
			isa = PBXSourcesBuildPhase;
			buildActionMask = 2147483647;
			files = (
				735A4EAC480DBDBE3DA682B5 /* WeatherModel.swift in Sources */,
				B678010E3A6816B04285E2F0 /* WeatherService.swift in Sources */,
				09C7902D37D412B380029689 /* WeatherView.swift in Sources */,
				736A78B40B462D44F766CFA4 /* ContentView.swift in Sources */,
				12F4D280663729E76CEA82D4 /* WeatherApp.swift in Sources */,
			);
			runOnlyForDeploymentPostprocessing = 0;
		};
/* End PBXSourcesBuildPhase section */

/* Begin XCBuildConfiguration section */
		E6ECE248BD5604C6084571B0 /* Debug */ = {
			isa = XCBuildConfiguration;
			buildSettings = {
				ALWAYS_SEARCH_USER_PATHS = NO;
				CLANG_ANALYZER_NONNULL = YES;
				CLANG_CXX_LANGUAGE_STANDARD = "gnu++20";
				CLANG_ENABLE_MODULES = YES;
				CLANG_ENABLE_OBJC_ARC = YES;
				CLANG_ENABLE_OBJC_WEAK = YES;
				COPY_PHASE_STRIP = NO;
				DEBUG_INFORMATION_FORMAT = dwarf;
				ENABLE_STRICT_OBJC_MSGSEND = YES;
				ENABLE_TESTABILITY = YES;
				GCC_C_LANGUAGE_STANDARD = gnu17;
				GCC_DYNAMIC_NO_PIC = NO;
				GCC_NO_COMMON_BLOCKS = YES;
				GCC_OPTIMIZATION_LEVEL = 0;
				GCC_PREPROCESSOR_DEFINITIONS = (
					"DEBUG=1",
					"$(inherited)",
				);
				MTL_ENABLE_DEBUG_INFO = INCLUDE_SOURCE;
				MTL_FAST_MATH = YES;
				ONLY_ACTIVE_ARCH = YES;
				SWIFT_ACTIVE_COMPILATION_CONDITIONS = DEBUG;
				SWIFT_OPTIMIZATION_LEVEL = "-Onone";
			};
			name = Debug;
		};
		BEA6998FCE080819CA64B4B7 /* Release */ = {
			isa = XCBuildConfiguration;
			buildSettings = {
				ALWAYS_SEARCH_USER_PATHS = NO;
				CLANG_ANALYZER_NONNULL = YES;
				CLANG_CXX_LANGUAGE_STANDARD = "gnu++20";
				CLANG_ENABLE_MODULES = YES;
				CLANG_ENABLE_OBJC_ARC = YES;
				CLANG_ENABLE_OBJC_WEAK = YES;
				COPY_PHASE_STRIP = NO;
				DEBUG_INFORMATION_FORMAT = "dwarf-with-dsym";
				ENABLE_NS_ASSERTIONS = NO;
				ENABLE_STRICT_OBJC_MSGSEND = YES;
				GCC_C_LANGUAGE_STANDARD = gnu17;
				GCC_NO_COMMON_BLOCKS = YES;
				MTL_ENABLE_DEBUG_INFO = NO;
				MTL_FAST_MATH = YES;
				SWIFT_COMPILATION_MODE = wholemodule;
				SWIFT_OPTIMIZATION_LEVEL = "-O";
				VALIDATE_PRODUCT = YES;
			};
			name = Release;
		};
		83CD840FA8816A7A21A12F6D /* Debug */ = {
			isa = XCBuildConfiguration;
			buildSettings = {
				ASSET_CATALOG_COMPILER_OPTIMIZATION = space;
				BUNDLE_IDENTIFIER = com.devari.weatherapp;
				CODE_SIGN_STYLE = Automatic;
				CURRENT_PROJECT_VERSION = 1;
				DEVELOPMENT_TEAM = "";
				GENERATE_INFOPLIST_FILE = YES;
				INFOPLIST_KEY_UIApplicationSceneManifest_Generation = YES;
				INFOPLIST_KEY_UIApplicationSupportsIndirectInputEvents = YES;
				INFOPLIST_KEY_UILaunchScreen_Generation = YES;
				INFOPLIST_KEY_UISupportedInterfaceOrientations_iPad = "UIInterfaceOrientationLandscapeLeft UIInterfaceOrientationLandscapeRight UIInterfaceOrientationPortrait UIInterfaceOrientationPortraitUpsideDown";
				INFOPLIST_KEY_UISupportedInterfaceOrientations_iPhone = "UIInterfaceOrientationPortrait";
				IPHONEOS_DEPLOYMENT_TARGET = 17.0;
				LE_SWIFT_VERSION = 5.0;
				MARKETING_VERSION = 1.0;
				PRODUCT_BUNDLE_IDENTIFIER = com.devari.weatherapp;
				PRODUCT_NAME = "$(TARGET_NAME)";
				SDKROOT = iphoneos;
				SUPPORTED_PLATFORMS = "iphoneos iphonesimulator";
				SWIFT_EMIT_LOC_STRINGS = YES;
				SWIFT_VERSION = 5.0;
				TARGETED_DEVICE_FAMILY = "1,2";
			};
			name = Debug;
		};
		0A20FB02E7EA8050FE4A7AB8 /* Release */ = {
			isa = XCBuildConfiguration;
			buildSettings = {
				ASSET_CATALOG_COMPILER_OPTIMIZATION = space;
				BUNDLE_IDENTIFIER = com.devari.weatherapp;
				CODE_SIGN_STYLE = Automatic;
				CURRENT_PROJECT_VERSION = 1;
				DEVELOPMENT_TEAM = "";
				GENERATE_INFOPLIST_FILE = YES;
				INFOPLIST_KEY_UIApplicationSceneManifest_Generation = YES;
				INFOPLIST_KEY_UIApplicationSupportsIndirectInputEvents = YES;
				INFOPLIST_KEY_UILaunchScreen_Generation = YES;
				INFOPLIST_KEY_UISupportedInterfaceOrientations_iPad = "UIInterfaceOrientationLandscapeLeft UIInterfaceOrientationLandscapeRight UIInterfaceOrientationPortrait UIInterfaceOrientationPortraitUpsideDown";
				INFOPLIST_KEY_UISupportedInterfaceOrientations_iPhone = "UIInterfaceOrientationPortrait";
				IPHONEOS_DEPLOYMENT_TARGET = 17.0;
				LE_SWIFT_VERSION = 5.0;
				MARKETING_VERSION = 1.0;
				PRODUCT_BUNDLE_IDENTIFIER = com.devari.weatherapp;
				PRODUCT_NAME = "$(TARGET_NAME)";
				SDKROOT = iphoneos;
				SUPPORTED_PLATFORMS = "iphoneos iphonesimulator";
				SWIFT_EMIT_LOC_STRINGS = YES;
				SWIFT_VERSION = 5.0;
				TARGETED_DEVICE_FAMILY = "1,2";
			};
			name = Release;
		};
/* End XCBuildConfiguration section */

/* Begin XCConfigurationList section */
		100B064AC58FB992C10486BF /* Build configuration list for PBXProject "WeatherApp" */ = {
			isa = XCConfigurationList;
			buildConfigurations = (
				E6ECE248BD5604C6084571B0 /* Debug */,
				BEA6998FCE080819CA64B4B7 /* Release */,
			);
			defaultConfigurationIsVisible = 0;
			defaultConfigurationName = Release;
		};
		DA3161A8B10DB58625F83746 /* Build configuration list for PBXNativeTarget "WeatherApp" */ = {
			isa = XCConfigurationList;
			buildConfigurations = (
				83CD840FA8816A7A21A12F6D /* Debug */,
				0A20FB02E7EA8050FE4A7AB8 /* Release */,
			);
			defaultConfigurationIsVisible = 0;
			defaultConfigurationName = Release;
		};
/* End XCConfigurationList section */
	};
	rootObject = BE70DD5BC4C794F3E3BBF9DA /* Project object */;
}
