// !$*UTF8*$!
{
	archiveVersion = 1;
	classes = {
	};
	objectVersion = 56;
	objects = {

/* Begin PBXBuildFile section */
		3FD84CE15F506CA98C680A1B /* Memo.swift in Sources */ = {isa = PBXBuildFile; fileRef = 7AFD1DF64874A20271EA4FDF /* Memo.swift */; };
		7AB039C00AE67096F6D25CA1 /* MemoStore.swift in Sources */ = {isa = PBXBuildFile; fileRef = 201AC37152667B5A370C50E3 /* MemoStore.swift */; };
		8B891F9C1F601419219719C0 /* MemoListView.swift in Sources */ = {isa = PBXBuildFile; fileRef = 03C9BB6E4A51370B8177C9F3 /* MemoListView.swift */; };
		A45B6C06C398568BDAC8CBD8 /* MemoEditView.swift in Sources */ = {isa = PBXBuildFile; fileRef = 0F7608706A173B2E214834A8 /* MemoEditView.swift */; };
		3178364825ECF2DE93DA1DC4 /* MemoApp.swift in Sources */ = {isa = PBXBuildFile; fileRef = 61EE4322AE3A18FC8DF2517A /* MemoApp.swift */; };
		C85B89264A43CF5894B6B1EB /* Assets.xcassets in Resources */ = {isa = PBXBuildFile; fileRef = A27D41E909F6C6A7D7500DDA /* Assets.xcassets */; };
		5EE913733ECFE98301D2AB0C /* StudyGuide.html in Resources */ = {isa = PBXBuildFile; fileRef = 03103D21A8E3C5395DFFD7A0 /* StudyGuide.html */; };
/* End PBXBuildFile section */

/* Begin PBXFileReference section */
		F597890A4697816C51890E2C /* MemoApp.app */ = {isa = PBXFileReference; explicitFileType = wrapper.application; includeInIndex = 0; path = MemoApp.app; sourceTree = BUILT_PRODUCTS_DIR; };
		7AFD1DF64874A20271EA4FDF /* Memo.swift */ = {isa = PBXFileReference; lastKnownFileType = sourcecode.swift; path = Memo.swift; sourceTree = "<group>"; };
		9CCADCAC52A6CBCFB8026496 /* Memo.swift */ = {isa = PBXFileReference; lastKnownFileType = sourcecode.swift; path = Memo.swift; sourceTree = "<group>"; };
		201AC37152667B5A370C50E3 /* MemoStore.swift */ = {isa = PBXFileReference; lastKnownFileType = sourcecode.swift; path = MemoStore.swift; sourceTree = "<group>"; };
		E5426B434106D7723FE3D284 /* MemoStore.swift */ = {isa = PBXFileReference; lastKnownFileType = sourcecode.swift; path = MemoStore.swift; sourceTree = "<group>"; };
		03C9BB6E4A51370B8177C9F3 /* MemoListView.swift */ = {isa = PBXFileReference; lastKnownFileType = sourcecode.swift; path = MemoListView.swift; sourceTree = "<group>"; };
		E48BB80AFFBD0770130EADEC /* MemoListView.swift */ = {isa = PBXFileReference; lastKnownFileType = sourcecode.swift; path = MemoListView.swift; sourceTree = "<group>"; };
		0F7608706A173B2E214834A8 /* MemoEditView.swift */ = {isa = PBXFileReference; lastKnownFileType = sourcecode.swift; path = MemoEditView.swift; sourceTree = "<group>"; };
		AB2685F996E5C4D8EBDC7AAF /* MemoEditView.swift */ = {isa = PBXFileReference; lastKnownFileType = sourcecode.swift; path = MemoEditView.swift; sourceTree = "<group>"; };
		61EE4322AE3A18FC8DF2517A /* MemoApp.swift */ = {isa = PBXFileReference; lastKnownFileType = sourcecode.swift; path = MemoApp.swift; sourceTree = "<group>"; };
		4128CBEA043AB9E077841FC6 /* MemoApp.swift */ = {isa = PBXFileReference; lastKnownFileType = sourcecode.swift; path = MemoApp.swift; sourceTree = "<group>"; };
		A27D41E909F6C6A7D7500DDA /* Assets.xcassets */ = {isa = PBXFileReference; lastKnownFileType = folder.assetcatalog; path = Assets.xcassets; sourceTree = "<group>"; };
		03103D21A8E3C5395DFFD7A0 /* StudyGuide.html */ = {isa = PBXFileReference; lastKnownFileType = text.html; path = StudyGuide.html; sourceTree = "<group>"; };
/* End PBXFileReference section */

/* Begin PBXFrameworksBuildPhase section */
		BF96F4C7119AF425CEF54B2E /* Frameworks */ = {
			isa = PBXFrameworksBuildPhase;
			buildActionMask = 2147483647;
			files = (
			);
			runOnlyForDeploymentPostprocessing = 0;
		};
/* End PBXFrameworksBuildPhase section */

/* Begin PBXGroup section */
		DC4EFB7C6709BDBA7C1F1CAD = {
			isa = PBXGroup;
			children = (
				CC971576E9399482726798D9 /* final */,
				223FCCC087DD181C81D00B12 /* start */,
				03103D21A8E3C5395DFFD7A0 /* StudyGuide.html */,
				A92087F85DAD7782D2863835 /* Products */,
			);
			sourceTree = "<group>";
		};
		CC971576E9399482726798D9 /* final */ = {
			isa = PBXGroup;
			children = (
				7AFD1DF64874A20271EA4FDF /* Memo.swift */,
				201AC37152667B5A370C50E3 /* MemoStore.swift */,
				03C9BB6E4A51370B8177C9F3 /* MemoListView.swift */,
				0F7608706A173B2E214834A8 /* MemoEditView.swift */,
				61EE4322AE3A18FC8DF2517A /* MemoApp.swift */,
				A27D41E909F6C6A7D7500DDA /* Assets.xcassets */,
			);
			path = final;
			sourceTree = "<group>";
		};
		223FCCC087DD181C81D00B12 /* start */ = {
			isa = PBXGroup;
			children = (
				9CCADCAC52A6CBCFB8026496 /* Memo.swift */,
				E5426B434106D7723FE3D284 /* MemoStore.swift */,
				E48BB80AFFBD0770130EADEC /* MemoListView.swift */,
				AB2685F996E5C4D8EBDC7AAF /* MemoEditView.swift */,
				4128CBEA043AB9E077841FC6 /* MemoApp.swift */,
			);
			path = start;
			sourceTree = "<group>";
		};
		A92087F85DAD7782D2863835 /* Products */ = {
			isa = PBXGroup;
			children = (
				F597890A4697816C51890E2C /* MemoApp.app */,
			);
			name = Products;
			sourceTree = "<group>";
		};
/* End PBXGroup section */

/* Begin PBXNativeTarget section */
		0FBB4123D58897559DB15DC2 /* MemoApp */ = {
			isa = PBXNativeTarget;
			buildConfigurationList = 78AD5FA0B65AAE526E6F74E0 /* Build configuration list for PBXNativeTarget "MemoApp" */;
			buildPhases = (
				3E2DE798AA0C344B652A1885 /* Sources */,
				BF96F4C7119AF425CEF54B2E /* Frameworks */,
				389E738BDE85AC1DA9652C59 /* Resources */,
			);
			buildRules = (
			);
			dependencies = (
			);
			name = MemoApp;
			productName = MemoApp;
			productReference = F597890A4697816C51890E2C /* MemoApp.app */;
			productType = "com.apple.product-type.application";
		};
/* End PBXNativeTarget section */

/* Begin PBXProject section */
		1837423492CCA72E190B607C /* Project object */ = {
			isa = PBXProject;
			attributes = {
				BuildIndependentTargetsInParallel = 1;
				LastSwiftUpdateCheck = 1500;
				LastUpgradeCheck = 1500;
				TargetAttributes = {
					0FBB4123D58897559DB15DC2 = {
						CreatedOnToolsVersion = 15.0;
					};
				};
			};
			buildConfigurationList = F3BB30A4C7513DDBEE841D79 /* Build configuration list for PBXProject "MemoApp" */;
			compatibilityVersion = "Xcode 14.0";
			developmentRegion = ko;
			hasScannedForEncodings = 0;
			knownRegions = (
				en,
				Base,
				ko,
			);
			mainGroup = DC4EFB7C6709BDBA7C1F1CAD;
			productRefGroup = A92087F85DAD7782D2863835 /* Products */;
			projectDirPath = "";
			projectRoot = "";
			targets = (
				0FBB4123D58897559DB15DC2 /* MemoApp */,
			);
		};
/* End PBXProject section */

/* Begin PBXResourcesBuildPhase section */
		389E738BDE85AC1DA9652C59 /* Resources */ = {
			isa = PBXResourcesBuildPhase;
			buildActionMask = 2147483647;
			files = (
				C85B89264A43CF5894B6B1EB /* Assets.xcassets in Resources */,
				5EE913733ECFE98301D2AB0C /* StudyGuide.html in Resources */,
			);
			runOnlyForDeploymentPostprocessing = 0;
		};
/* End PBXResourcesBuildPhase section */

/* Begin PBXSourcesBuildPhase section */
		3E2DE798AA0C344B652A1885 /* Sources */ = {
			isa = PBXSourcesBuildPhase;
			buildActionMask = 2147483647;
			files = (
				3FD84CE15F506CA98C680A1B /* Memo.swift in Sources */,
				7AB039C00AE67096F6D25CA1 /* MemoStore.swift in Sources */,
				8B891F9C1F601419219719C0 /* MemoListView.swift in Sources */,
				A45B6C06C398568BDAC8CBD8 /* MemoEditView.swift in Sources */,
				3178364825ECF2DE93DA1DC4 /* MemoApp.swift in Sources */,
			);
			runOnlyForDeploymentPostprocessing = 0;
		};
/* End PBXSourcesBuildPhase section */

/* Begin XCBuildConfiguration section */
		29EFCFEEF38C82981EADCD56 /* Debug */ = {
			isa = XCBuildConfiguration;
			buildSettings = {
				ALWAYS_SEARCH_USER_PATHS = NO;
				CLANG_ANALYZER_NONNULL = YES;
				CLANG_CXX_LANGUAGE_STANDARD = "gnu++20";
				CLANG_ENABLE_MODULES = YES;
				CLANG_ENABLE_OBJC_ARC = YES;
				CLANG_ENABLE_OBJC_WEAK = YES;
				COPY_PHASE_STRIP = NO;
				DEBUG_INFORMATION_FORMAT = dwarf;
				ENABLE_STRICT_OBJC_MSGSEND = YES;
				ENABLE_TESTABILITY = YES;
				GCC_C_LANGUAGE_STANDARD = gnu17;
				GCC_DYNAMIC_NO_PIC = NO;
				GCC_NO_COMMON_BLOCKS = YES;
				GCC_OPTIMIZATION_LEVEL = 0;
				GCC_PREPROCESSOR_DEFINITIONS = (
					"DEBUG=1",
					"$(inherited)",
				);
				MTL_ENABLE_DEBUG_INFO = INCLUDE_SOURCE;
				MTL_FAST_MATH = YES;
				ONLY_ACTIVE_ARCH = YES;
				SWIFT_ACTIVE_COMPILATION_CONDITIONS = DEBUG;
				SWIFT_OPTIMIZATION_LEVEL = "-Onone";
			};
			name = Debug;
		};
		EF058F4491CC0E94EFC4FB41 /* Release */ = {
			isa = XCBuildConfiguration;
			buildSettings = {
				ALWAYS_SEARCH_USER_PATHS = NO;
				CLANG_ANALYZER_NONNULL = YES;
				CLANG_CXX_LANGUAGE_STANDARD = "gnu++20";
				CLANG_ENABLE_MODULES = YES;
				CLANG_ENABLE_OBJC_ARC = YES;
				CLANG_ENABLE_OBJC_WEAK = YES;
				COPY_PHASE_STRIP = NO;
				DEBUG_INFORMATION_FORMAT = "dwarf-with-dsym";
				ENABLE_NS_ASSERTIONS = NO;
				ENABLE_STRICT_OBJC_MSGSEND = YES;
				GCC_C_LANGUAGE_STANDARD = gnu17;
				GCC_NO_COMMON_BLOCKS = YES;
				MTL_ENABLE_DEBUG_INFO = NO;
				MTL_FAST_MATH = YES;
				SWIFT_COMPILATION_MODE = wholemodule;
				SWIFT_OPTIMIZATION_LEVEL = "-O";
				VALIDATE_PRODUCT = YES;
			};
			name = Release;
		};
		0B81B9FB3EA33B8DFE2491DD /* Debug */ = {
			isa = XCBuildConfiguration;
			buildSettings = {
				ASSET_CATALOG_COMPILER_OPTIMIZATION = space;
				BUNDLE_IDENTIFIER = com.devari.memoapp;
				CODE_SIGN_STYLE = Automatic;
				CURRENT_PROJECT_VERSION = 1;
				DEVELOPMENT_TEAM = "";
				GENERATE_INFOPLIST_FILE = YES;
				INFOPLIST_KEY_UIApplicationSceneManifest_Generation = YES;
				INFOPLIST_KEY_UIApplicationSupportsIndirectInputEvents = YES;
				INFOPLIST_KEY_UILaunchScreen_Generation = YES;
				INFOPLIST_KEY_UISupportedInterfaceOrientations_iPad = "UIInterfaceOrientationLandscapeLeft UIInterfaceOrientationLandscapeRight UIInterfaceOrientationPortrait UIInterfaceOrientationPortraitUpsideDown";
				INFOPLIST_KEY_UISupportedInterfaceOrientations_iPhone = "UIInterfaceOrientationPortrait";
				IPHONEOS_DEPLOYMENT_TARGET = 17.0;
				LE_SWIFT_VERSION = 5.0;
				MARKETING_VERSION = 1.0;
				PRODUCT_BUNDLE_IDENTIFIER = com.devari.memoapp;
				PRODUCT_NAME = "$(TARGET_NAME)";
				SDKROOT = iphoneos;
				SUPPORTED_PLATFORMS = "iphoneos iphonesimulator";
				SWIFT_EMIT_LOC_STRINGS = YES;
				SWIFT_VERSION = 5.0;
				TARGETED_DEVICE_FAMILY = "1,2";
			};
			name = Debug;
		};
		F4AD3CD429EAE312E3110B7C /* Release */ = {
			isa = XCBuildConfiguration;
			buildSettings = {
				ASSET_CATALOG_COMPILER_OPTIMIZATION = space;
				BUNDLE_IDENTIFIER = com.devari.memoapp;
				CODE_SIGN_STYLE = Automatic;
				CURRENT_PROJECT_VERSION = 1;
				DEVELOPMENT_TEAM = "";
				GENERATE_INFOPLIST_FILE = YES;
				INFOPLIST_KEY_UIApplicationSceneManifest_Generation = YES;
				INFOPLIST_KEY_UIApplicationSupportsIndirectInputEvents = YES;
				INFOPLIST_KEY_UILaunchScreen_Generation = YES;
				INFOPLIST_KEY_UISupportedInterfaceOrientations_iPad = "UIInterfaceOrientationLandscapeLeft UIInterfaceOrientationLandscapeRight UIInterfaceOrientationPortrait UIInterfaceOrientationPortraitUpsideDown";
				INFOPLIST_KEY_UISupportedInterfaceOrientations_iPhone = "UIInterfaceOrientationPortrait";
				IPHONEOS_DEPLOYMENT_TARGET = 17.0;
				LE_SWIFT_VERSION = 5.0;
				MARKETING_VERSION = 1.0;
				PRODUCT_BUNDLE_IDENTIFIER = com.devari.memoapp;
				PRODUCT_NAME = "$(TARGET_NAME)";
				SDKROOT = iphoneos;
				SUPPORTED_PLATFORMS = "iphoneos iphonesimulator";
				SWIFT_EMIT_LOC_STRINGS = YES;
				SWIFT_VERSION = 5.0;
				TARGETED_DEVICE_FAMILY = "1,2";
			};
			name = Release;
		};
/* End XCBuildConfiguration section */

/* Begin XCConfigurationList section */
		F3BB30A4C7513DDBEE841D79 /* Build configuration list for PBXProject "MemoApp" */ = {
			isa = XCConfigurationList;
			buildConfigurations = (
				29EFCFEEF38C82981EADCD56 /* Debug */,
				EF058F4491CC0E94EFC4FB41 /* Release */,
			);
			defaultConfigurationIsVisible = 0;
			defaultConfigurationName = Release;
		};
		78AD5FA0B65AAE526E6F74E0 /* Build configuration list for PBXNativeTarget "MemoApp" */ = {
			isa = XCConfigurationList;
			buildConfigurations = (
				0B81B9FB3EA33B8DFE2491DD /* Debug */,
				F4AD3CD429EAE312E3110B7C /* Release */,
			);
			defaultConfigurationIsVisible = 0;
			defaultConfigurationName = Release;
		};
/* End XCConfigurationList section */
	};
	rootObject = 1837423492CCA72E190B607C /* Project object */;
}
