// !$*UTF8*$!
{
	archiveVersion = 1;
	classes = {
	};
	objectVersion = 56;
	objects = {

/* Begin PBXBuildFile section */
		A0E0F3D60147F73F4F5C989B /* Models.swift in Sources */ = {isa = PBXBuildFile; fileRef = 8E9CB24BC0CF415D3A4A3883 /* Models.swift */; };
		A28EBF120FD2823401FCB97A /* CartStore.swift in Sources */ = {isa = PBXBuildFile; fileRef = F24999E02E044298A3DBC91D /* CartStore.swift */; };
		C65A3FA015BCC4397BAC2922 /* ProductListView.swift in Sources */ = {isa = PBXBuildFile; fileRef = A2250A3B8C064677777CDB90 /* ProductListView.swift */; };
		EDB727DC9897C2ADB3362CE0 /* CartView.swift in Sources */ = {isa = PBXBuildFile; fileRef = 8984D38767EDA23ADBFA33BF /* CartView.swift */; };
		73C0A2F0A1703385D7044D46 /* ContentView.swift in Sources */ = {isa = PBXBuildFile; fileRef = 9FD1C082F19E548940FA3809 /* ContentView.swift */; };
		FEB8833DBF0890F72116C03C /* CartApp.swift in Sources */ = {isa = PBXBuildFile; fileRef = 90514EA4E11FD2A79FDDE166 /* CartApp.swift */; };
		6130CC9FFF320F5FD83994B9 /* Assets.xcassets in Resources */ = {isa = PBXBuildFile; fileRef = 030C776E07D21F7D3B157359 /* Assets.xcassets */; };
		72F29ABBB28A48D880EE719E /* StudyGuide.html in Resources */ = {isa = PBXBuildFile; fileRef = 603F5046DEDFA0D3496655FC /* StudyGuide.html */; };
/* End PBXBuildFile section */

/* Begin PBXFileReference section */
		7D0D3FCB464A01A35F2BED28 /* ShoppingCart.app */ = {isa = PBXFileReference; explicitFileType = wrapper.application; includeInIndex = 0; path = ShoppingCart.app; sourceTree = BUILT_PRODUCTS_DIR; };
		8E9CB24BC0CF415D3A4A3883 /* Models.swift */ = {isa = PBXFileReference; lastKnownFileType = sourcecode.swift; path = Models.swift; sourceTree = "<group>"; };
		C2BD9E161D8681C88C5396C6 /* Models.swift */ = {isa = PBXFileReference; lastKnownFileType = sourcecode.swift; path = Models.swift; sourceTree = "<group>"; };
		F24999E02E044298A3DBC91D /* CartStore.swift */ = {isa = PBXFileReference; lastKnownFileType = sourcecode.swift; path = CartStore.swift; sourceTree = "<group>"; };
		8C740AB8F6CB3B2EC5C9030E /* CartStore.swift */ = {isa = PBXFileReference; lastKnownFileType = sourcecode.swift; path = CartStore.swift; sourceTree = "<group>"; };
		A2250A3B8C064677777CDB90 /* ProductListView.swift */ = {isa = PBXFileReference; lastKnownFileType = sourcecode.swift; path = ProductListView.swift; sourceTree = "<group>"; };
		C013134791EC52AE863E9234 /* ProductListView.swift */ = {isa = PBXFileReference; lastKnownFileType = sourcecode.swift; path = ProductListView.swift; sourceTree = "<group>"; };
		8984D38767EDA23ADBFA33BF /* CartView.swift */ = {isa = PBXFileReference; lastKnownFileType = sourcecode.swift; path = CartView.swift; sourceTree = "<group>"; };
		239ABD400EBFFC7777ABD5B2 /* CartView.swift */ = {isa = PBXFileReference; lastKnownFileType = sourcecode.swift; path = CartView.swift; sourceTree = "<group>"; };
		9FD1C082F19E548940FA3809 /* ContentView.swift */ = {isa = PBXFileReference; lastKnownFileType = sourcecode.swift; path = ContentView.swift; sourceTree = "<group>"; };
		05224D601FEE1CCBD4DCA22F /* ContentView.swift */ = {isa = PBXFileReference; lastKnownFileType = sourcecode.swift; path = ContentView.swift; sourceTree = "<group>"; };
		90514EA4E11FD2A79FDDE166 /* CartApp.swift */ = {isa = PBXFileReference; lastKnownFileType = sourcecode.swift; path = CartApp.swift; sourceTree = "<group>"; };
		BEFC9B8F8B79A325AE524485 /* CartApp.swift */ = {isa = PBXFileReference; lastKnownFileType = sourcecode.swift; path = CartApp.swift; sourceTree = "<group>"; };
		030C776E07D21F7D3B157359 /* Assets.xcassets */ = {isa = PBXFileReference; lastKnownFileType = folder.assetcatalog; path = Assets.xcassets; sourceTree = "<group>"; };
		603F5046DEDFA0D3496655FC /* StudyGuide.html */ = {isa = PBXFileReference; lastKnownFileType = text.html; path = StudyGuide.html; sourceTree = "<group>"; };
/* End PBXFileReference section */

/* Begin PBXFrameworksBuildPhase section */
		E2EB5B876FAD38E238D0C86C /* Frameworks */ = {
			isa = PBXFrameworksBuildPhase;
			buildActionMask = 2147483647;
			files = (
			);
			runOnlyForDeploymentPostprocessing = 0;
		};
/* End PBXFrameworksBuildPhase section */

/* Begin PBXGroup section */
		19B06AF65B573A6C370B68BD = {
			isa = PBXGroup;
			children = (
				C9BE3A6E16771D85389B724A /* final */,
				FF38CFEEAFF8339367711F62 /* start */,
				603F5046DEDFA0D3496655FC /* StudyGuide.html */,
				EBF1D7A87ED53C3C49A67EE4 /* Products */,
			);
			sourceTree = "<group>";
		};
		C9BE3A6E16771D85389B724A /* final */ = {
			isa = PBXGroup;
			children = (
				8E9CB24BC0CF415D3A4A3883 /* Models.swift */,
				F24999E02E044298A3DBC91D /* CartStore.swift */,
				A2250A3B8C064677777CDB90 /* ProductListView.swift */,
				8984D38767EDA23ADBFA33BF /* CartView.swift */,
				9FD1C082F19E548940FA3809 /* ContentView.swift */,
				90514EA4E11FD2A79FDDE166 /* CartApp.swift */,
				030C776E07D21F7D3B157359 /* Assets.xcassets */,
			);
			path = final;
			sourceTree = "<group>";
		};
		FF38CFEEAFF8339367711F62 /* start */ = {
			isa = PBXGroup;
			children = (
				C2BD9E161D8681C88C5396C6 /* Models.swift */,
				8C740AB8F6CB3B2EC5C9030E /* CartStore.swift */,
				C013134791EC52AE863E9234 /* ProductListView.swift */,
				239ABD400EBFFC7777ABD5B2 /* CartView.swift */,
				05224D601FEE1CCBD4DCA22F /* ContentView.swift */,
				BEFC9B8F8B79A325AE524485 /* CartApp.swift */,
			);
			path = start;
			sourceTree = "<group>";
		};
		EBF1D7A87ED53C3C49A67EE4 /* Products */ = {
			isa = PBXGroup;
			children = (
				7D0D3FCB464A01A35F2BED28 /* ShoppingCart.app */,
			);
			name = Products;
			sourceTree = "<group>";
		};
/* End PBXGroup section */

/* Begin PBXNativeTarget section */
		922230F2129B9D62710F5B00 /* ShoppingCart */ = {
			isa = PBXNativeTarget;
			buildConfigurationList = 589294CAAE904E4DA58C6C5A /* Build configuration list for PBXNativeTarget "ShoppingCart" */;
			buildPhases = (
				986FEBA4910A965319D514A4 /* Sources */,
				E2EB5B876FAD38E238D0C86C /* Frameworks */,
				E0ED54ACDB6661367F2B2B68 /* Resources */,
			);
			buildRules = (
			);
			dependencies = (
			);
			name = ShoppingCart;
			productName = ShoppingCart;
			productReference = 7D0D3FCB464A01A35F2BED28 /* ShoppingCart.app */;
			productType = "com.apple.product-type.application";
		};
/* End PBXNativeTarget section */

/* Begin PBXProject section */
		9153768233F72332FA6D8072 /* Project object */ = {
			isa = PBXProject;
			attributes = {
				BuildIndependentTargetsInParallel = 1;
				LastSwiftUpdateCheck = 1500;
				LastUpgradeCheck = 1500;
				TargetAttributes = {
					922230F2129B9D62710F5B00 = {
						CreatedOnToolsVersion = 15.0;
					};
				};
			};
			buildConfigurationList = 6FB8ACB715FA470328EDD52C /* Build configuration list for PBXProject "ShoppingCart" */;
			compatibilityVersion = "Xcode 14.0";
			developmentRegion = ko;
			hasScannedForEncodings = 0;
			knownRegions = (
				en,
				Base,
				ko,
			);
			mainGroup = 19B06AF65B573A6C370B68BD;
			productRefGroup = EBF1D7A87ED53C3C49A67EE4 /* Products */;
			projectDirPath = "";
			projectRoot = "";
			targets = (
				922230F2129B9D62710F5B00 /* ShoppingCart */,
			);
		};
/* End PBXProject section */

/* Begin PBXResourcesBuildPhase section */
		E0ED54ACDB6661367F2B2B68 /* Resources */ = {
			isa = PBXResourcesBuildPhase;
			buildActionMask = 2147483647;
			files = (
				6130CC9FFF320F5FD83994B9 /* Assets.xcassets in Resources */,
				72F29ABBB28A48D880EE719E /* StudyGuide.html in Resources */,
			);
			runOnlyForDeploymentPostprocessing = 0;
		};
/* End PBXResourcesBuildPhase section */

/* Begin PBXSourcesBuildPhase section */
		986FEBA4910A965319D514A4 /* Sources */ = {
			isa = PBXSourcesBuildPhase;
			buildActionMask = 2147483647;
			files = (
				A0E0F3D60147F73F4F5C989B /* Models.swift in Sources */,
				A28EBF120FD2823401FCB97A /* CartStore.swift in Sources */,
				C65A3FA015BCC4397BAC2922 /* ProductListView.swift in Sources */,
				EDB727DC9897C2ADB3362CE0 /* CartView.swift in Sources */,
				73C0A2F0A1703385D7044D46 /* ContentView.swift in Sources */,
				FEB8833DBF0890F72116C03C /* CartApp.swift in Sources */,
			);
			runOnlyForDeploymentPostprocessing = 0;
		};
/* End PBXSourcesBuildPhase section */

/* Begin XCBuildConfiguration section */
		F3FFB62B32736B8383F8FE29 /* Debug */ = {
			isa = XCBuildConfiguration;
			buildSettings = {
				ALWAYS_SEARCH_USER_PATHS = NO;
				CLANG_ANALYZER_NONNULL = YES;
				CLANG_CXX_LANGUAGE_STANDARD = "gnu++20";
				CLANG_ENABLE_MODULES = YES;
				CLANG_ENABLE_OBJC_ARC = YES;
				CLANG_ENABLE_OBJC_WEAK = YES;
				COPY_PHASE_STRIP = NO;
				DEBUG_INFORMATION_FORMAT = dwarf;
				ENABLE_STRICT_OBJC_MSGSEND = YES;
				ENABLE_TESTABILITY = YES;
				GCC_C_LANGUAGE_STANDARD = gnu17;
				GCC_DYNAMIC_NO_PIC = NO;
				GCC_NO_COMMON_BLOCKS = YES;
				GCC_OPTIMIZATION_LEVEL = 0;
				GCC_PREPROCESSOR_DEFINITIONS = (
					"DEBUG=1",
					"$(inherited)",
				);
				MTL_ENABLE_DEBUG_INFO = INCLUDE_SOURCE;
				MTL_FAST_MATH = YES;
				ONLY_ACTIVE_ARCH = YES;
				SWIFT_ACTIVE_COMPILATION_CONDITIONS = DEBUG;
				SWIFT_OPTIMIZATION_LEVEL = "-Onone";
			};
			name = Debug;
		};
		B75FD2421E96B699571EE1AB /* Release */ = {
			isa = XCBuildConfiguration;
			buildSettings = {
				ALWAYS_SEARCH_USER_PATHS = NO;
				CLANG_ANALYZER_NONNULL = YES;
				CLANG_CXX_LANGUAGE_STANDARD = "gnu++20";
				CLANG_ENABLE_MODULES = YES;
				CLANG_ENABLE_OBJC_ARC = YES;
				CLANG_ENABLE_OBJC_WEAK = YES;
				COPY_PHASE_STRIP = NO;
				DEBUG_INFORMATION_FORMAT = "dwarf-with-dsym";
				ENABLE_NS_ASSERTIONS = NO;
				ENABLE_STRICT_OBJC_MSGSEND = YES;
				GCC_C_LANGUAGE_STANDARD = gnu17;
				GCC_NO_COMMON_BLOCKS = YES;
				MTL_ENABLE_DEBUG_INFO = NO;
				MTL_FAST_MATH = YES;
				SWIFT_COMPILATION_MODE = wholemodule;
				SWIFT_OPTIMIZATION_LEVEL = "-O";
				VALIDATE_PRODUCT = YES;
			};
			name = Release;
		};
		DF0D6284DDE06F2F57269B09 /* Debug */ = {
			isa = XCBuildConfiguration;
			buildSettings = {
				ASSET_CATALOG_COMPILER_OPTIMIZATION = space;
				BUNDLE_IDENTIFIER = com.devari.shoppingcart;
				CODE_SIGN_STYLE = Automatic;
				CURRENT_PROJECT_VERSION = 1;
				DEVELOPMENT_TEAM = "";
				GENERATE_INFOPLIST_FILE = YES;
				INFOPLIST_KEY_UIApplicationSceneManifest_Generation = YES;
				INFOPLIST_KEY_UIApplicationSupportsIndirectInputEvents = YES;
				INFOPLIST_KEY_UILaunchScreen_Generation = YES;
				INFOPLIST_KEY_UISupportedInterfaceOrientations_iPad = "UIInterfaceOrientationLandscapeLeft UIInterfaceOrientationLandscapeRight UIInterfaceOrientationPortrait UIInterfaceOrientationPortraitUpsideDown";
				INFOPLIST_KEY_UISupportedInterfaceOrientations_iPhone = "UIInterfaceOrientationPortrait";
				IPHONEOS_DEPLOYMENT_TARGET = 17.0;
				LE_SWIFT_VERSION = 5.0;
				MARKETING_VERSION = 1.0;
				PRODUCT_BUNDLE_IDENTIFIER = com.devari.shoppingcart;
				PRODUCT_NAME = "$(TARGET_NAME)";
				SDKROOT = iphoneos;
				SUPPORTED_PLATFORMS = "iphoneos iphonesimulator";
				SWIFT_EMIT_LOC_STRINGS = YES;
				SWIFT_VERSION = 5.0;
				TARGETED_DEVICE_FAMILY = "1,2";
			};
			name = Debug;
		};
		E34CA4DC7C593A92E1C5DC9D /* Release */ = {
			isa = XCBuildConfiguration;
			buildSettings = {
				ASSET_CATALOG_COMPILER_OPTIMIZATION = space;
				BUNDLE_IDENTIFIER = com.devari.shoppingcart;
				CODE_SIGN_STYLE = Automatic;
				CURRENT_PROJECT_VERSION = 1;
				DEVELOPMENT_TEAM = "";
				GENERATE_INFOPLIST_FILE = YES;
				INFOPLIST_KEY_UIApplicationSceneManifest_Generation = YES;
				INFOPLIST_KEY_UIApplicationSupportsIndirectInputEvents = YES;
				INFOPLIST_KEY_UILaunchScreen_Generation = YES;
				INFOPLIST_KEY_UISupportedInterfaceOrientations_iPad = "UIInterfaceOrientationLandscapeLeft UIInterfaceOrientationLandscapeRight UIInterfaceOrientationPortrait UIInterfaceOrientationPortraitUpsideDown";
				INFOPLIST_KEY_UISupportedInterfaceOrientations_iPhone = "UIInterfaceOrientationPortrait";
				IPHONEOS_DEPLOYMENT_TARGET = 17.0;
				LE_SWIFT_VERSION = 5.0;
				MARKETING_VERSION = 1.0;
				PRODUCT_BUNDLE_IDENTIFIER = com.devari.shoppingcart;
				PRODUCT_NAME = "$(TARGET_NAME)";
				SDKROOT = iphoneos;
				SUPPORTED_PLATFORMS = "iphoneos iphonesimulator";
				SWIFT_EMIT_LOC_STRINGS = YES;
				SWIFT_VERSION = 5.0;
				TARGETED_DEVICE_FAMILY = "1,2";
			};
			name = Release;
		};
/* End XCBuildConfiguration section */

/* Begin XCConfigurationList section */
		6FB8ACB715FA470328EDD52C /* Build configuration list for PBXProject "ShoppingCart" */ = {
			isa = XCConfigurationList;
			buildConfigurations = (
				F3FFB62B32736B8383F8FE29 /* Debug */,
				B75FD2421E96B699571EE1AB /* Release */,
			);
			defaultConfigurationIsVisible = 0;
			defaultConfigurationName = Release;
		};
		589294CAAE904E4DA58C6C5A /* Build configuration list for PBXNativeTarget "ShoppingCart" */ = {
			isa = XCConfigurationList;
			buildConfigurations = (
				DF0D6284DDE06F2F57269B09 /* Debug */,
				E34CA4DC7C593A92E1C5DC9D /* Release */,
			);
			defaultConfigurationIsVisible = 0;
			defaultConfigurationName = Release;
		};
/* End XCConfigurationList section */
	};
	rootObject = 9153768233F72332FA6D8072 /* Project object */;
}
